// !$*UTF8*$!
{
	archiveVersion = 1;
	classes = {
	};
	objectVersion = 56;
	objects = {

/* Begin PBXBuildFile section */
		A8F489F22F985DE600D0666D /* GoogleService-Info.plist in Resources */ = {isa = PBXBuildFile; fileRef = A8F489F12F985DE600D0666D /* GoogleService-Info.plist */; };
		F81F3FDA2BE2EFE2007927D7 /* JudgeHomeView.swift in Sources */ = {isa = PBXBuildFile; fileRef = F81F3FD92BE2EFE2007927D7 /* JudgeHomeView.swift */; };
		F86AC6BD2BF514C900BEAFCA /* HackViewModel.swift in Sources */ = {isa = PBXBuildFile; fileRef = F86AC6BC2BF514C900BEAFCA /* HackViewModel.swift */; };
		F86AC6BF2BF51F2100BEAFCA /* AddHackView.swift in Sources */ = {isa = PBXBuildFile; fileRef = F86AC6BE2BF51F2100BEAFCA /* AddHackView.swift */; };
		F87E76CE2C08F6FA00CEF999 /* RubroViewModel.swift in Sources */ = {isa = PBXBuildFile; fileRef = F87E76CD2C08F6FA00CEF999 /* RubroViewModel.swift */; };
		F8B0CAC62BC6F22D00CB8497 /* HackApp.swift in Sources */ = {isa = PBXBuildFile; fileRef = F8B0CAC52BC6F22D00CB8497 /* HackApp.swift */; };
		F8B0CACA2BC6F22F00CB8497 /* Assets.xcassets in Resources */ = {isa = PBXBuildFile; fileRef = F8B0CAC92BC6F22F00CB8497 /* Assets.xcassets */; };
		F8B0CACD2BC6F22F00CB8497 /* Preview Assets.xcassets in Resources */ = {isa = PBXBuildFile; fileRef = F8B0CACC2BC6F22F00CB8497 /* Preview Assets.xcassets */; };
		F8BD956C2BE070B7002E496B /* Equipo.swift in Sources */ = {isa = PBXBuildFile; fileRef = F8BD956B2BE070B7002E496B /* Equipo.swift */; };
		F8BD956E2BE0711C002E496B /* Juez.swift in Sources */ = {isa = PBXBuildFile; fileRef = F8BD956D2BE0711C002E496B /* Juez.swift */; };
		F8BD95702BE07131002E496B /* Rubro.swift in Sources */ = {isa = PBXBuildFile; fileRef = F8BD956F2BE07131002E496B /* Rubro.swift */; };
		F8BD95722BE0713B002E496B /* Hack.swift in Sources */ = {isa = PBXBuildFile; fileRef = F8BD95712BE0713B002E496B /* Hack.swift */; };
		F8BD95742BE0717F002E496B /* Evaluacion.swift in Sources */ = {isa = PBXBuildFile; fileRef = F8BD95732BE0717F002E496B /* Evaluacion.swift */; };
		F8C2E1B12BD0456E00B470F0 /* HomeAdminView.swift in Sources */ = {isa = PBXBuildFile; fileRef = F8C2E1B02BD0456E00B470F0 /* HomeAdminView.swift */; };
		F8C2E1B42BD2D94400B470F0 /* MainViewButtonStyle.swift in Sources */ = {isa = PBXBuildFile; fileRef = F8C2E1B32BD2D94400B470F0 /* MainViewButtonStyle.swift */; };
		FB012BD12CB747E600D5CF7A /* TeamView.swift in Sources */ = {isa = PBXBuildFile; fileRef = FB012BD02CB747E600D5CF7A /* TeamView.swift */; };
		FB0AB0D52C94F9F2003F94E7 /* AddEquipoPopoverView.swift in Sources */ = {isa = PBXBuildFile; fileRef = FB0AB0D42C94F9F2003F94E7 /* AddEquipoPopoverView.swift */; };
		FB0AB0D72C94FA63003F94E7 /* AddEquipoButton.swift in Sources */ = {isa = PBXBuildFile; fileRef = FB0AB0D62C94FA63003F94E7 /* AddEquipoButton.swift */; };
		FB0AB0D92C94FAA7003F94E7 /* EquipoViewModel.swift in Sources */ = {isa = PBXBuildFile; fileRef = FB0AB0D82C94FAA7003F94E7 /* EquipoViewModel.swift */; };
		FB0AB0DB2C94FF3D003F94E7 /* FirebaseAnalytics in Frameworks */ = {isa = PBXBuildFile; productRef = FB0AB0DA2C94FF3D003F94E7 /* FirebaseAnalytics */; };
		FB0AB0DD2C94FF3D003F94E7 /* FirebaseAnalyticsOnDeviceConversion in Frameworks */ = {isa = PBXBuildFile; productRef = FB0AB0DC2C94FF3D003F94E7 /* FirebaseAnalyticsOnDeviceConversion */; };
		FB0AB0DF2C94FF3D003F94E7 /* FirebaseAnalyticsWithoutAdIdSupport in Frameworks */ = {isa = PBXBuildFile; productRef = FB0AB0DE2C94FF3D003F94E7 /* FirebaseAnalyticsWithoutAdIdSupport */; };
		FB0AB0E12C94FF3D003F94E7 /* FirebaseAppCheck in Frameworks */ = {isa = PBXBuildFile; productRef = FB0AB0E02C94FF3D003F94E7 /* FirebaseAppCheck */; };
		FB0AB0E32C94FF3D003F94E7 /* FirebaseAppDistribution-Beta in Frameworks */ = {isa = PBXBuildFile; productRef = FB0AB0E22C94FF3D003F94E7 /* FirebaseAppDistribution-Beta */; };
		FB233CB02CB9E97F00CCB8C2 /* TimerView.swift in Sources */ = {isa = PBXBuildFile; fileRef = FB233CAF2CB9E97F00CCB8C2 /* TimerView.swift */; };
		FB2F606D2CA37976004D2E55 /* HacksViewModel.swift in Sources */ = {isa = PBXBuildFile; fileRef = FB2F606C2CA37970004D2E55 /* HacksViewModel.swift */; };
		FB2F60732CA3838B004D2E55 /* HackRow.swift in Sources */ = {isa = PBXBuildFile; fileRef = FB2F60722CA38386004D2E55 /* HackRow.swift */; };
		FB2F60762CA38449004D2E55 /* HackView.swift in Sources */ = {isa = PBXBuildFile; fileRef = FB2F60752CA38445004D2E55 /* HackView.swift */; };
		FB33360B2CDD7AFE001C8E7A /* TeamViewModel.swift in Sources */ = {isa = PBXBuildFile; fileRef = FB33360A2CDD7AFE001C8E7A /* TeamViewModel.swift */; };
		FB33360E2CDD7C28001C8E7A /* InfoField.swift in Sources */ = {isa = PBXBuildFile; fileRef = FB33360D2CDD7C28001C8E7A /* InfoField.swift */; };
		FB3336102CDD7C34001C8E7A /* InfoFieldInt.swift in Sources */ = {isa = PBXBuildFile; fileRef = FB33360F2CDD7C34001C8E7A /* InfoFieldInt.swift */; };
		FB3336122CDD7C41001C8E7A /* InfoFieldDouble.swift in Sources */ = {isa = PBXBuildFile; fileRef = FB3336112CDD7C41001C8E7A /* InfoFieldDouble.swift */; };
		FB3336142CDD7C4F001C8E7A /* DateField.swift in Sources */ = {isa = PBXBuildFile; fileRef = FB3336132CDD7C4F001C8E7A /* DateField.swift */; };
		FB3336162CDD7C58001C8E7A /* ActionButtons.swift in Sources */ = {isa = PBXBuildFile; fileRef = FB3336152CDD7C58001C8E7A /* ActionButtons.swift */; };
		FB3ACCD42D00F0ED0022D21E /* FormDataViewModel.swift in Sources */ = {isa = PBXBuildFile; fileRef = FB3ACCD32D00F0ED0022D21E /* FormDataViewModel.swift */; };
		FB5CF67E2C8BD6A000835D7B /* HomeView.swift in Sources */ = {isa = PBXBuildFile; fileRef = FB5CF67D2C8BD6A000835D7B /* HomeView.swift */; };
		FB64A9432CBF3C8D00BFD6F4 /* ResultsView.swift in Sources */ = {isa = PBXBuildFile; fileRef = FB64A9422CBF3C8D00BFD6F4 /* ResultsView.swift */; };
		FB701F8F2C93C5A100EF83E4 /* AddHackForm.swift in Sources */ = {isa = PBXBuildFile; fileRef = FB701F8E2C93C5A100EF83E4 /* AddHackForm.swift */; };
		FB701F912C93C5CD00EF83E4 /* AddRubroButton.swift in Sources */ = {isa = PBXBuildFile; fileRef = FB701F902C93C5CD00EF83E4 /* AddRubroButton.swift */; };
		FB701F932C93C62100EF83E4 /* AddRubroPopoverView.swift in Sources */ = {isa = PBXBuildFile; fileRef = FB701F922C93C62100EF83E4 /* AddRubroPopoverView.swift */; };
		FB8ACC0D2C9E42CB002479D5 /* HackModel.swift in Sources */ = {isa = PBXBuildFile; fileRef = FB8ACC0C2C9E42C6002479D5 /* HackModel.swift */; };
		FB9733C82CA4CD2900A7BE6F /* JudgesView.swift in Sources */ = {isa = PBXBuildFile; fileRef = FB9733C72CA4CD2400A7BE6F /* JudgesView.swift */; };
		FBB6DB152CAE0D5300EB9122 /* GradeView.swift in Sources */ = {isa = PBXBuildFile; fileRef = FBB6DB142CAE0D4B00EB9122 /* GradeView.swift */; };
		FBCBA3C82C8A69EB005548A0 /* StartButton.swift in Sources */ = {isa = PBXBuildFile; fileRef = FBCBA3C72C8A69EB005548A0 /* StartButton.swift */; };
		FBCBA3CA2C8A6F01005548A0 /* FontSizeApp.swift in Sources */ = {isa = PBXBuildFile; fileRef = FBCBA3C92C8A6F01005548A0 /* FontSizeApp.swift */; };
		FBFC5DFF2C9B93E3002813E4 /* AddJuezPopoverView.swift in Sources */ = {isa = PBXBuildFile; fileRef = FBFC5DFE2C9B93E3002813E4 /* AddJuezPopoverView.swift */; };
		FBFC5E012C9B93F6002813E4 /* AddJuezButton.swift in Sources */ = {isa = PBXBuildFile; fileRef = FBFC5E002C9B93F6002813E4 /* AddJuezButton.swift */; };
		FBFC5E032C9B9452002813E4 /* JuezViewModel.swift in Sources */ = {isa = PBXBuildFile; fileRef = FBFC5E022C9B9452002813E4 /* JuezViewModel.swift */; };
		FBFC5E082C9B9E30002813E4 /* FirebaseFirestore in Frameworks */ = {isa = PBXBuildFile; productRef = FBFC5E072C9B9E30002813E4 /* FirebaseFirestore */; };
/* End PBXBuildFile section */

/* Begin PBXFileReference section */
		A8F489F12F985DE600D0666D /* GoogleService-Info.plist */ = {isa = PBXFileReference; lastKnownFileType = text.plist.xml; path = "GoogleService-Info.plist"; sourceTree = "<group>"; };
		F81F3FD92BE2EFE2007927D7 /* JudgeHomeView.swift */ = {isa = PBXFileReference; lastKnownFileType = sourcecode.swift; path = JudgeHomeView.swift; sourceTree = "<group>"; };
		F86AC6BC2BF514C900BEAFCA /* HackViewModel.swift */ = {isa = PBXFileReference; lastKnownFileType = sourcecode.swift; path = HackViewModel.swift; sourceTree = "<group>"; };
		F86AC6BE2BF51F2100BEAFCA /* AddHackView.swift */ = {isa = PBXFileReference; lastKnownFileType = sourcecode.swift; path = AddHackView.swift; sourceTree = "<group>"; };
		F87E76CD2C08F6FA00CEF999 /* RubroViewModel.swift */ = {isa = PBXFileReference; lastKnownFileType = sourcecode.swift; path = RubroViewModel.swift; sourceTree = "<group>"; };
		F8B0CAC22BC6F22D00CB8497 /* HackApp.app */ = {isa = PBXFileReference; explicitFileType = wrapper.application; includeInIndex = 0; path = HackApp.app; sourceTree = BUILT_PRODUCTS_DIR; };
		F8B0CAC52BC6F22D00CB8497 /* HackApp.swift */ = {isa = PBXFileReference; lastKnownFileType = sourcecode.swift; path = HackApp.swift; sourceTree = "<group>"; };
		F8B0CAC92BC6F22F00CB8497 /* Assets.xcassets */ = {isa = PBXFileReference; lastKnownFileType = folder.assetcatalog; path = Assets.xcassets; sourceTree = "<group>"; };
		F8B0CACC2BC6F22F00CB8497 /* Preview Assets.xcassets */ = {isa = PBXFileReference; lastKnownFileType = folder.assetcatalog; path = "Preview Assets.xcassets"; sourceTree = "<group>"; };
		F8BD956B2BE070B7002E496B /* Equipo.swift */ = {isa = PBXFileReference; lastKnownFileType = sourcecode.swift; path = Equipo.swift; sourceTree = "<group>"; };
		F8BD956D2BE0711C002E496B /* Juez.swift */ = {isa = PBXFileReference; lastKnownFileType = sourcecode.swift; path = Juez.swift; sourceTree = "<group>"; };
		F8BD956F2BE07131002E496B /* Rubro.swift */ = {isa = PBXFileReference; lastKnownFileType = sourcecode.swift; path = Rubro.swift; sourceTree = "<group>"; };
		F8BD95712BE0713B002E496B /* Hack.swift */ = {isa = PBXFileReference; lastKnownFileType = sourcecode.swift; path = Hack.swift; sourceTree = "<group>"; };
		F8BD95732BE0717F002E496B /* Evaluacion.swift */ = {isa = PBXFileReference; lastKnownFileType = sourcecode.swift; path = Evaluacion.swift; sourceTree = "<group>"; };
		F8C2E1B02BD0456E00B470F0 /* HomeAdminView.swift */ = {isa = PBXFileReference; lastKnownFileType = sourcecode.swift; path = HomeAdminView.swift; sourceTree = "<group>"; };
		F8C2E1B32BD2D94400B470F0 /* MainViewButtonStyle.swift */ = {isa = PBXFileReference; lastKnownFileType = sourcecode.swift; path = MainViewButtonStyle.swift; sourceTree = "<group>"; };
		FB012BD02CB747E600D5CF7A /* TeamView.swift */ = {isa = PBXFileReference; lastKnownFileType = sourcecode.swift; path = TeamView.swift; sourceTree = "<group>"; };
		FB0AB0D42C94F9F2003F94E7 /* AddEquipoPopoverView.swift */ = {isa = PBXFileReference; lastKnownFileType = sourcecode.swift; path = AddEquipoPopoverView.swift; sourceTree = "<group>"; };
		FB0AB0D62C94FA63003F94E7 /* AddEquipoButton.swift */ = {isa = PBXFileReference; lastKnownFileType = sourcecode.swift; path = AddEquipoButton.swift; sourceTree = "<group>"; };
		FB0AB0D82C94FAA7003F94E7 /* EquipoViewModel.swift */ = {isa = PBXFileReference; lastKnownFileType = sourcecode.swift; path = EquipoViewModel.swift; sourceTree = "<group>"; };
		FB233CAF2CB9E97F00CCB8C2 /* TimerView.swift */ = {isa = PBXFileReference; lastKnownFileType = sourcecode.swift; path = TimerView.swift; sourceTree = "<group>"; };
		FB2F606C2CA37970004D2E55 /* HacksViewModel.swift */ = {isa = PBXFileReference; lastKnownFileType = sourcecode.swift; path = HacksViewModel.swift; sourceTree = "<group>"; };
		FB2F606E2CA37C32004D2E55 /* HackApp.xcodeproj */ = {isa = PBXFileReference; lastKnownFileType = "wrapper.pb-project"; path = HackApp.xcodeproj; sourceTree = SOURCE_ROOT; };
		FB2F60722CA38386004D2E55 /* HackRow.swift */ = {isa = PBXFileReference; lastKnownFileType = sourcecode.swift; path = HackRow.swift; sourceTree = "<group>"; };
		FB2F60752CA38445004D2E55 /* HackView.swift */ = {isa = PBXFileReference; lastKnownFileType = sourcecode.swift; path = HackView.swift; sourceTree = "<group>"; };
		FB33360A2CDD7AFE001C8E7A /* TeamViewModel.swift */ = {isa = PBXFileReference; lastKnownFileType = sourcecode.swift; path = TeamViewModel.swift; sourceTree = "<group>"; };
		FB33360D2CDD7C28001C8E7A /* InfoField.swift */ = {isa = PBXFileReference; lastKnownFileType = sourcecode.swift; path = InfoField.swift; sourceTree = "<group>"; };
		FB33360F2CDD7C34001C8E7A /* InfoFieldInt.swift */ = {isa = PBXFileReference; lastKnownFileType = sourcecode.swift; path = InfoFieldInt.swift; sourceTree = "<group>"; };
		FB3336112CDD7C41001C8E7A /* InfoFieldDouble.swift */ = {isa = PBXFileReference; lastKnownFileType = sourcecode.swift; path = InfoFieldDouble.swift; sourceTree = "<group>"; };
		FB3336132CDD7C4F001C8E7A /* DateField.swift */ = {isa = PBXFileReference; lastKnownFileType = sourcecode.swift; path = DateField.swift; sourceTree = "<group>"; };
		FB3336152CDD7C58001C8E7A /* ActionButtons.swift */ = {isa = PBXFileReference; lastKnownFileType = sourcecode.swift; path = ActionButtons.swift; sourceTree = "<group>"; };
		FB3ACCD32D00F0ED0022D21E /* FormDataViewModel.swift */ = {isa = PBXFileReference; lastKnownFileType = sourcecode.swift; path = FormDataViewModel.swift; sourceTree = "<group>"; };
		FB5CF67D2C8BD6A000835D7B /* HomeView.swift */ = {isa = PBXFileReference; lastKnownFileType = sourcecode.swift; path = HomeView.swift; sourceTree = "<group>"; };
		FB64A9422CBF3C8D00BFD6F4 /* ResultsView.swift */ = {isa = PBXFileReference; lastKnownFileType = sourcecode.swift; path = ResultsView.swift; sourceTree = "<group>"; };
		FB701F8E2C93C5A100EF83E4 /* AddHackForm.swift */ = {isa = PBXFileReference; lastKnownFileType = sourcecode.swift; path = AddHackForm.swift; sourceTree = "<group>"; };
		FB701F902C93C5CD00EF83E4 /* AddRubroButton.swift */ = {isa = PBXFileReference; lastKnownFileType = sourcecode.swift; path = AddRubroButton.swift; sourceTree = "<group>"; };
		FB701F922C93C62100EF83E4 /* AddRubroPopoverView.swift */ = {isa = PBXFileReference; lastKnownFileType = sourcecode.swift; path = AddRubroPopoverView.swift; sourceTree = "<group>"; };
		FB7697E92C89279200E37DDF /* Info.plist */ = {isa = PBXFileReference; lastKnownFileType = text.plist.xml; path = Info.plist; sourceTree = "<group>"; };
		FB7697F72C89295500E37DDF /* Inter-Bold.ttf */ = {isa = PBXFileReference; lastKnownFileType = file; path = "Inter-Bold.ttf"; sourceTree = "<group>"; };
		FB7697F82C89295500E37DDF /* Inter-ExtraLight.ttf */ = {isa = PBXFileReference; lastKnownFileType = file; path = "Inter-ExtraLight.ttf"; sourceTree = "<group>"; };
		FB7697F92C89295500E37DDF /* Inter-Regular.ttf */ = {isa = PBXFileReference; lastKnownFileType = file; path = "Inter-Regular.ttf"; sourceTree = "<group>"; };
		FB7697FA2C89295500E37DDF /* Lato-Bold.ttf */ = {isa = PBXFileReference; lastKnownFileType = file; path = "Lato-Bold.ttf"; sourceTree = "<group>"; };
		FB7697FB2C89295500E37DDF /* Lato-Light.ttf */ = {isa = PBXFileReference; lastKnownFileType = file; path = "Lato-Light.ttf"; sourceTree = "<group>"; };
		FB7697FC2C89295500E37DDF /* Lato-Regular.ttf */ = {isa = PBXFileReference; lastKnownFileType = file; path = "Lato-Regular.ttf"; sourceTree = "<group>"; };
		FB8ACC0C2C9E42C6002479D5 /* HackModel.swift */ = {isa = PBXFileReference; lastKnownFileType = sourcecode.swift; path = HackModel.swift; sourceTree = "<group>"; };
		FB9733C72CA4CD2400A7BE6F /* JudgesView.swift */ = {isa = PBXFileReference; lastKnownFileType = sourcecode.swift; path = JudgesView.swift; sourceTree = "<group>"; };
		FBB6DB142CAE0D4B00EB9122 /* GradeView.swift */ = {isa = PBXFileReference; lastKnownFileType = sourcecode.swift; path = GradeView.swift; sourceTree = "<group>"; };
		FBCBA3C72C8A69EB005548A0 /* StartButton.swift */ = {isa = PBXFileReference; lastKnownFileType = sourcecode.swift; path = StartButton.swift; sourceTree = "<group>"; };
		FBCBA3C92C8A6F01005548A0 /* FontSizeApp.swift */ = {isa = PBXFileReference; lastKnownFileType = sourcecode.swift; path = FontSizeApp.swift; sourceTree = "<group>"; };
		FBFC5DFE2C9B93E3002813E4 /* AddJuezPopoverView.swift */ = {isa = PBXFileReference; lastKnownFileType = sourcecode.swift; path = AddJuezPopoverView.swift; sourceTree = "<group>"; };
		FBFC5E002C9B93F6002813E4 /* AddJuezButton.swift */ = {isa = PBXFileReference; lastKnownFileType = sourcecode.swift; path = AddJuezButton.swift; sourceTree = "<group>"; };
		FBFC5E022C9B9452002813E4 /* JuezViewModel.swift */ = {isa = PBXFileReference; lastKnownFileType = sourcecode.swift; path = JuezViewModel.swift; sourceTree = "<group>"; };
/* End PBXFileReference section */

/* Begin PBXFrameworksBuildPhase section */
		F8B0CABF2BC6F22D00CB8497 /* Frameworks */ = {
			isa = PBXFrameworksBuildPhase;
			buildActionMask = 2147483647;
			files = (
				FB0AB0E12C94FF3D003F94E7 /* FirebaseAppCheck in Frameworks */,
				FB0AB0DB2C94FF3D003F94E7 /* FirebaseAnalytics in Frameworks */,
				FB0AB0E32C94FF3D003F94E7 /* FirebaseAppDistribution-Beta in Frameworks */,
				FB0AB0DF2C94FF3D003F94E7 /* FirebaseAnalyticsWithoutAdIdSupport in Frameworks */,
				FB0AB0DD2C94FF3D003F94E7 /* FirebaseAnalyticsOnDeviceConversion in Frameworks */,
				FBFC5E082C9B9E30002813E4 /* FirebaseFirestore in Frameworks */,
			);
			runOnlyForDeploymentPostprocessing = 0;
		};
/* End PBXFrameworksBuildPhase section */

/* Begin PBXGroup section */
		F86AC6BB2BF512A100BEAFCA /* ViewModel */ = {
			isa = PBXGroup;
			children = (
				FB3ACCD32D00F0ED0022D21E /* FormDataViewModel.swift */,
				FB33360A2CDD7AFE001C8E7A /* TeamViewModel.swift */,
				FB0AB0D82C94FAA7003F94E7 /* EquipoViewModel.swift */,
				FB2F606C2CA37970004D2E55 /* HacksViewModel.swift */,
				FBFC5E022C9B9452002813E4 /* JuezViewModel.swift */,
				F86AC6BC2BF514C900BEAFCA /* HackViewModel.swift */,
				F87E76CD2C08F6FA00CEF999 /* RubroViewModel.swift */,
			);
			path = ViewModel;
			sourceTree = "<group>";
		};
		F8B0CAB92BC6F22D00CB8497 = {
			isa = PBXGroup;
			children = (
				F8B0CAC42BC6F22D00CB8497 /* HackApp */,
				FBFC5E062C9B9E30002813E4 /* Frameworks */,
				F8B0CAC32BC6F22D00CB8497 /* Products */,
			);
			sourceTree = "<group>";
		};
		F8B0CAC32BC6F22D00CB8497 /* Products */ = {
			isa = PBXGroup;
			children = (
				F8B0CAC22BC6F22D00CB8497 /* HackApp.app */,
			);
			name = Products;
			sourceTree = "<group>";
		};
		F8B0CAC42BC6F22D00CB8497 /* HackApp */ = {
			isa = PBXGroup;
			children = (
				FB7697FD2C89295500E37DDF /* Fonts */,
				FB3169162C8923E70021A389 /* Views */,
				FB7697E92C89279200E37DDF /* Info.plist */,
				F86AC6BB2BF512A100BEAFCA /* ViewModel */,
				F8BD956A2BE070A3002E496B /* Model */,
				F8B0CAC52BC6F22D00CB8497 /* HackApp.swift */,
				F8B0CACB2BC6F22F00CB8497 /* Preview Content */,
				F8C2E1B22BD2D91D00B470F0 /* SupportingElements */,
				F8B0CAC92BC6F22F00CB8497 /* Assets.xcassets */,
				A8F489F12F985DE600D0666D /* GoogleService-Info.plist */,
			);
			path = HackApp;
			sourceTree = "<group>";
		};
		F8B0CACB2BC6F22F00CB8497 /* Preview Content */ = {
			isa = PBXGroup;
			children = (
				F8B0CACC2BC6F22F00CB8497 /* Preview Assets.xcassets */,
			);
			path = "Preview Content";
			sourceTree = "<group>";
		};
		F8BD956A2BE070A3002E496B /* Model */ = {
			isa = PBXGroup;
			children = (
				F8BD956B2BE070B7002E496B /* Equipo.swift */,
				F8BD95732BE0717F002E496B /* Evaluacion.swift */,
				F8BD956D2BE0711C002E496B /* Juez.swift */,
				F8BD956F2BE07131002E496B /* Rubro.swift */,
				F8BD95712BE0713B002E496B /* Hack.swift */,
				FB8ACC0C2C9E42C6002479D5 /* HackModel.swift */,
			);
			path = Model;
			sourceTree = "<group>";
		};
		F8C2E1B22BD2D91D00B470F0 /* SupportingElements */ = {
			isa = PBXGroup;
			children = (
				F8C2E1B32BD2D94400B470F0 /* MainViewButtonStyle.swift */,
			);
			path = SupportingElements;
			sourceTree = "<group>";
		};
		FB2F60712CA38377004D2E55 /* GetHack */ = {
			isa = PBXGroup;
			children = (
				FB2F60722CA38386004D2E55 /* HackRow.swift */,
			);
			path = GetHack;
			sourceTree = "<group>";
		};
		FB3169142C8923610021A389 /* Components */ = {
			isa = PBXGroup;
			children = (
				FB33360C2CDD7C18001C8E7A /* HackView */,
				FB6840102CB891BD00C1BB07 /* Timer */,
				FB2F60712CA38377004D2E55 /* GetHack */,
				FB701F8B2C93BE6A00EF83E4 /* AddHack */,
				FBCBA3C62C8A69C3005548A0 /* Buttons */,
			);
			path = Components;
			sourceTree = "<group>";
		};
		FB3169162C8923E70021A389 /* Views */ = {
			isa = PBXGroup;
			children = (
				FB3169142C8923610021A389 /* Components */,
				FB3169192C89241D0021A389 /* Start */,
				FB3169182C8923FD0021A389 /* Judge */,
				FB3169172C8923F30021A389 /* Admin */,
			);
			path = Views;
			sourceTree = "<group>";
		};
		FB3169172C8923F30021A389 /* Admin */ = {
			isa = PBXGroup;
			children = (
				FB64A9422CBF3C8D00BFD6F4 /* ResultsView.swift */,
				FB2F60752CA38445004D2E55 /* HackView.swift */,
				F86AC6BE2BF51F2100BEAFCA /* AddHackView.swift */,
				F8C2E1B02BD0456E00B470F0 /* HomeAdminView.swift */,
				FB012BD02CB747E600D5CF7A /* TeamView.swift */,
			);
			path = Admin;
			sourceTree = "<group>";
		};
		FB3169182C8923FD0021A389 /* Judge */ = {
			isa = PBXGroup;
			children = (
				FBB6DB142CAE0D4B00EB9122 /* GradeView.swift */,
				FB9733C72CA4CD2400A7BE6F /* JudgesView.swift */,
				F81F3FD92BE2EFE2007927D7 /* JudgeHomeView.swift */,
			);
			path = Judge;
			sourceTree = "<group>";
		};
		FB3169192C89241D0021A389 /* Start */ = {
			isa = PBXGroup;
			children = (
				FB5CF67D2C8BD6A000835D7B /* HomeView.swift */,
			);
			path = Start;
			sourceTree = "<group>";
		};
		FB33360C2CDD7C18001C8E7A /* HackView */ = {
			isa = PBXGroup;
			children = (
				FB3336152CDD7C58001C8E7A /* ActionButtons.swift */,
				FB3336132CDD7C4F001C8E7A /* DateField.swift */,
				FB3336112CDD7C41001C8E7A /* InfoFieldDouble.swift */,
				FB33360F2CDD7C34001C8E7A /* InfoFieldInt.swift */,
				FB33360D2CDD7C28001C8E7A /* InfoField.swift */,
			);
			path = HackView;
			sourceTree = "<group>";
		};
		FB6840102CB891BD00C1BB07 /* Timer */ = {
			isa = PBXGroup;
			children = (
				FB233CAF2CB9E97F00CCB8C2 /* TimerView.swift */,
			);
			path = Timer;
			sourceTree = "<group>";
		};
		FB701F8B2C93BE6A00EF83E4 /* AddHack */ = {
			isa = PBXGroup;
			children = (
				FBFC5E002C9B93F6002813E4 /* AddJuezButton.swift */,
				FBFC5DFE2C9B93E3002813E4 /* AddJuezPopoverView.swift */,
				FB701F8E2C93C5A100EF83E4 /* AddHackForm.swift */,
				FB701F922C93C62100EF83E4 /* AddRubroPopoverView.swift */,
				FB0AB0D42C94F9F2003F94E7 /* AddEquipoPopoverView.swift */,
				FB0AB0D62C94FA63003F94E7 /* AddEquipoButton.swift */,
				FB701F902C93C5CD00EF83E4 /* AddRubroButton.swift */,
			);
			path = AddHack;
			sourceTree = "<group>";
		};
		FB7697FD2C89295500E37DDF /* Fonts */ = {
			isa = PBXGroup;
			children = (
				FB7697F72C89295500E37DDF /* Inter-Bold.ttf */,
				FB7697F82C89295500E37DDF /* Inter-ExtraLight.ttf */,
				FB7697F92C89295500E37DDF /* Inter-Regular.ttf */,
				FB7697FA2C89295500E37DDF /* Lato-Bold.ttf */,
				FB7697FB2C89295500E37DDF /* Lato-Light.ttf */,
				FB7697FC2C89295500E37DDF /* Lato-Regular.ttf */,
				FBCBA3C92C8A6F01005548A0 /* FontSizeApp.swift */,
				FB2F606E2CA37C32004D2E55 /* HackApp.xcodeproj */,
			);
			path = Fonts;
			sourceTree = "<group>";
		};
		FB9733C52CA4C79100A7BE6F /* Products */ = {
			isa = PBXGroup;
			name = Products;
			sourceTree = "<group>";
		};
		FBCBA3C62C8A69C3005548A0 /* Buttons */ = {
			isa = PBXGroup;
			children = (
				FBCBA3C72C8A69EB005548A0 /* StartButton.swift */,
			);
			path = Buttons;
			sourceTree = "<group>";
		};
		FBFC5E062C9B9E30002813E4 /* Frameworks */ = {
			isa = PBXGroup;
			children = (
			);
			name = Frameworks;
			sourceTree = "<group>";
		};
/* End PBXGroup section */

/* Begin PBXNativeTarget section */
		F8B0CAC12BC6F22D00CB8497 /* HackApp */ = {
			isa = PBXNativeTarget;
			buildConfigurationList = F8B0CAD02BC6F22F00CB8497 /* Build configuration list for PBXNativeTarget "HackApp" */;
			buildPhases = (
				F8B0CABE2BC6F22D00CB8497 /* Sources */,
				F8B0CABF2BC6F22D00CB8497 /* Frameworks */,
				F8B0CAC02BC6F22D00CB8497 /* Resources */,
			);
			buildRules = (
			);
			dependencies = (
			);
			name = HackApp;
			packageProductDependencies = (
				FB0AB0DA2C94FF3D003F94E7 /* FirebaseAnalytics */,
				FB0AB0DC2C94FF3D003F94E7 /* FirebaseAnalyticsOnDeviceConversion */,
				FB0AB0DE2C94FF3D003F94E7 /* FirebaseAnalyticsWithoutAdIdSupport */,
				FB0AB0E02C94FF3D003F94E7 /* FirebaseAppCheck */,
				FB0AB0E22C94FF3D003F94E7 /* FirebaseAppDistribution-Beta */,
				FBFC5E072C9B9E30002813E4 /* FirebaseFirestore */,
			);
			productName = HackApp;
			productReference = F8B0CAC22BC6F22D00CB8497 /* HackApp.app */;
			productType = "com.apple.product-type.application";
		};
/* End PBXNativeTarget section */

/* Begin PBXProject section */
		F8B0CABA2BC6F22D00CB8497 /* Project object */ = {
			isa = PBXProject;
			attributes = {
				BuildIndependentTargetsInParallel = 1;
				LastSwiftUpdateCheck = 1530;
				LastUpgradeCheck = 1530;
				TargetAttributes = {
					F8B0CAC12BC6F22D00CB8497 = {
						CreatedOnToolsVersion = 15.3;
					};
				};
			};
			buildConfigurationList = F8B0CABD2BC6F22D00CB8497 /* Build configuration list for PBXProject "HackApp" */;
			compatibilityVersion = "Xcode 14.0";
			developmentRegion = en;
			hasScannedForEncodings = 0;
			knownRegions = (
				en,
				Base,
			);
			mainGroup = F8B0CAB92BC6F22D00CB8497;
			packageReferences = (
				FB3169132C891D200021A389 /* XCRemoteSwiftPackageReference "firebase-ios-sdk" */,
			);
			productRefGroup = F8B0CAC32BC6F22D00CB8497 /* Products */;
			projectDirPath = "";
			projectReferences = (
				{
					ProductGroup = FB9733C52CA4C79100A7BE6F /* Products */;
					ProjectRef = FB2F606E2CA37C32004D2E55 /* HackApp.xcodeproj */;
				},
			);
			projectRoot = "";
			targets = (
				F8B0CAC12BC6F22D00CB8497 /* HackApp */,
			);
		};
/* End PBXProject section */

/* Begin PBXResourcesBuildPhase section */
		F8B0CAC02BC6F22D00CB8497 /* Resources */ = {
			isa = PBXResourcesBuildPhase;
			buildActionMask = 2147483647;
			files = (
				F8B0CACD2BC6F22F00CB8497 /* Preview Assets.xcassets in Resources */,
				F8B0CACA2BC6F22F00CB8497 /* Assets.xcassets in Resources */,
				A8F489F22F985DE600D0666D /* GoogleService-Info.plist in Resources */,
			);
			runOnlyForDeploymentPostprocessing = 0;
		};
/* End PBXResourcesBuildPhase section */

/* Begin PBXSourcesBuildPhase section */
		F8B0CABE2BC6F22D00CB8497 /* Sources */ = {
			isa = PBXSourcesBuildPhase;
			buildActionMask = 2147483647;
			files = (
				FBFC5E032C9B9452002813E4 /* JuezViewModel.swift in Sources */,
				FB2F606D2CA37976004D2E55 /* HacksViewModel.swift in Sources */,
				FB9733C82CA4CD2900A7BE6F /* JudgesView.swift in Sources */,
				FB3336122CDD7C41001C8E7A /* InfoFieldDouble.swift in Sources */,
				FB012BD12CB747E600D5CF7A /* TeamView.swift in Sources */,
				FB3ACCD42D00F0ED0022D21E /* FormDataViewModel.swift in Sources */,
				F86AC6BF2BF51F2100BEAFCA /* AddHackView.swift in Sources */,
				F8BD95702BE07131002E496B /* Rubro.swift in Sources */,
				FB0AB0D52C94F9F2003F94E7 /* AddEquipoPopoverView.swift in Sources */,
				FB33360B2CDD7AFE001C8E7A /* TeamViewModel.swift in Sources */,
				FBFC5DFF2C9B93E3002813E4 /* AddJuezPopoverView.swift in Sources */,
				FBCBA3CA2C8A6F01005548A0 /* FontSizeApp.swift in Sources */,
				FB701F8F2C93C5A100EF83E4 /* AddHackForm.swift in Sources */,
				F8C2E1B42BD2D94400B470F0 /* MainViewButtonStyle.swift in Sources */,
				F8BD956C2BE070B7002E496B /* Equipo.swift in Sources */,
				FB33360E2CDD7C28001C8E7A /* InfoField.swift in Sources */,
				FBCBA3C82C8A69EB005548A0 /* StartButton.swift in Sources */,
				FB8ACC0D2C9E42CB002479D5 /* HackModel.swift in Sources */,
				F8BD956E2BE0711C002E496B /* Juez.swift in Sources */,
				F8BD95722BE0713B002E496B /* Hack.swift in Sources */,
				FB64A9432CBF3C8D00BFD6F4 /* ResultsView.swift in Sources */,
				FB0AB0D72C94FA63003F94E7 /* AddEquipoButton.swift in Sources */,
				FB2F60732CA3838B004D2E55 /* HackRow.swift in Sources */,
				F8C2E1B12BD0456E00B470F0 /* HomeAdminView.swift in Sources */,
				FB3336162CDD7C58001C8E7A /* ActionButtons.swift in Sources */,
				FB0AB0D92C94FAA7003F94E7 /* EquipoViewModel.swift in Sources */,
				F86AC6BD2BF514C900BEAFCA /* HackViewModel.swift in Sources */,
				FB3336102CDD7C34001C8E7A /* InfoFieldInt.swift in Sources */,
				FBB6DB152CAE0D5300EB9122 /* GradeView.swift in Sources */,
				FB233CB02CB9E97F00CCB8C2 /* TimerView.swift in Sources */,
				F81F3FDA2BE2EFE2007927D7 /* JudgeHomeView.swift in Sources */,
				F8BD95742BE0717F002E496B /* Evaluacion.swift in Sources */,
				FB3336142CDD7C4F001C8E7A /* DateField.swift in Sources */,
				FB701F912C93C5CD00EF83E4 /* AddRubroButton.swift in Sources */,
				F87E76CE2C08F6FA00CEF999 /* RubroViewModel.swift in Sources */,
				FB2F60762CA38449004D2E55 /* HackView.swift in Sources */,
				FBFC5E012C9B93F6002813E4 /* AddJuezButton.swift in Sources */,
				FB701F932C93C62100EF83E4 /* AddRubroPopoverView.swift in Sources */,
				F8B0CAC62BC6F22D00CB8497 /* HackApp.swift in Sources */,
				FB5CF67E2C8BD6A000835D7B /* HomeView.swift in Sources */,
			);
			runOnlyForDeploymentPostprocessing = 0;
		};
/* End PBXSourcesBuildPhase section */

/* Begin XCBuildConfiguration section */
		F8B0CACE2BC6F22F00CB8497 /* Debug */ = {
			isa = XCBuildConfiguration;
			buildSettings = {
				ALWAYS_SEARCH_USER_PATHS = NO;
				ASSETCATALOG_COMPILER_GENERATE_SWIFT_ASSET_SYMBOL_EXTENSIONS = YES;
				CLANG_ANALYZER_NONNULL = YES;
				CLANG_ANALYZER_NUMBER_OBJECT_CONVERSION = YES_AGGRESSIVE;
				CLANG_CXX_LANGUAGE_STANDARD = "gnu++20";
				CLANG_ENABLE_MODULES = YES;
				CLANG_ENABLE_OBJC_ARC = YES;
				CLANG_ENABLE_OBJC_WEAK = YES;
				CLANG_WARN_BLOCK_CAPTURE_AUTORELEASING = YES;
				CLANG_WARN_BOOL_CONVERSION = YES;
				CLANG_WARN_COMMA = YES;
				CLANG_WARN_CONSTANT_CONVERSION = YES;
				CLANG_WARN_DEPRECATED_OBJC_IMPLEMENTATIONS = YES;
				CLANG_WARN_DIRECT_OBJC_ISA_USAGE = YES_ERROR;
				CLANG_WARN_DOCUMENTATION_COMMENTS = YES;
				CLANG_WARN_EMPTY_BODY = YES;
				CLANG_WARN_ENUM_CONVERSION = YES;
				CLANG_WARN_INFINITE_RECURSION = YES;
				CLANG_WARN_INT_CONVERSION = YES;
				CLANG_WARN_NON_LITERAL_NULL_CONVERSION = YES;
				CLANG_WARN_OBJC_IMPLICIT_RETAIN_SELF = YES;
				CLANG_WARN_OBJC_LITERAL_CONVERSION = YES;
				CLANG_WARN_OBJC_ROOT_CLASS = YES_ERROR;
				CLANG_WARN_QUOTED_INCLUDE_IN_FRAMEWORK_HEADER = YES;
				CLANG_WARN_RANGE_LOOP_ANALYSIS = YES;
				CLANG_WARN_STRICT_PROTOTYPES = YES;
				CLANG_WARN_SUSPICIOUS_MOVE = YES;
				CLANG_WARN_UNGUARDED_AVAILABILITY = YES_AGGRESSIVE;
				CLANG_WARN_UNREACHABLE_CODE = YES;
				CLANG_WARN__DUPLICATE_METHOD_MATCH = YES;
				COPY_PHASE_STRIP = NO;
				DEBUG_INFORMATION_FORMAT = dwarf;
				ENABLE_STRICT_OBJC_MSGSEND = YES;
				ENABLE_TESTABILITY = YES;
				ENABLE_USER_SCRIPT_SANDBOXING = YES;
				GCC_C_LANGUAGE_STANDARD = gnu17;
				GCC_DYNAMIC_NO_PIC = NO;
				GCC_NO_COMMON_BLOCKS = YES;
				GCC_OPTIMIZATION_LEVEL = 0;
				GCC_PREPROCESSOR_DEFINITIONS = (
					"DEBUG=1",
					"$(inherited)",
				);
				GCC_WARN_64_TO_32_BIT_CONVERSION = YES;
				GCC_WARN_ABOUT_RETURN_TYPE = YES_ERROR;
				GCC_WARN_UNDECLARED_SELECTOR = YES;
				GCC_WARN_UNINITIALIZED_AUTOS = YES_AGGRESSIVE;
				GCC_WARN_UNUSED_FUNCTION = YES;
				GCC_WARN_UNUSED_VARIABLE = YES;
				IPHONEOS_DEPLOYMENT_TARGET = 17.4;
				LOCALIZATION_PREFERS_STRING_CATALOGS = YES;
				MTL_ENABLE_DEBUG_INFO = INCLUDE_SOURCE;
				MTL_FAST_MATH = YES;
				ONLY_ACTIVE_ARCH = YES;
				SDKROOT = iphoneos;
				SWIFT_ACTIVE_COMPILATION_CONDITIONS = "DEBUG $(inherited)";
				SWIFT_OPTIMIZATION_LEVEL = "-Onone";
			};
			name = Debug;
		};
		F8B0CACF2BC6F22F00CB8497 /* Release */ = {
			isa = XCBuildConfiguration;
			buildSettings = {
				ALWAYS_SEARCH_USER_PATHS = NO;
				ASSETCATALOG_COMPILER_GENERATE_SWIFT_ASSET_SYMBOL_EXTENSIONS = YES;
				CLANG_ANALYZER_NONNULL = YES;
				CLANG_ANALYZER_NUMBER_OBJECT_CONVERSION = YES_AGGRESSIVE;
				CLANG_CXX_LANGUAGE_STANDARD = "gnu++20";
				CLANG_ENABLE_MODULES = YES;
				CLANG_ENABLE_OBJC_ARC = YES;
				CLANG_ENABLE_OBJC_WEAK = YES;
				CLANG_WARN_BLOCK_CAPTURE_AUTORELEASING = YES;
				CLANG_WARN_BOOL_CONVERSION = YES;
				CLANG_WARN_COMMA = YES;
				CLANG_WARN_CONSTANT_CONVERSION = YES;
				CLANG_WARN_DEPRECATED_OBJC_IMPLEMENTATIONS = YES;
				CLANG_WARN_DIRECT_OBJC_ISA_USAGE = YES_ERROR;
				CLANG_WARN_DOCUMENTATION_COMMENTS = YES;
				CLANG_WARN_EMPTY_BODY = YES;
				CLANG_WARN_ENUM_CONVERSION = YES;
				CLANG_WARN_INFINITE_RECURSION = YES;
				CLANG_WARN_INT_CONVERSION = YES;
				CLANG_WARN_NON_LITERAL_NULL_CONVERSION = YES;
				CLANG_WARN_OBJC_IMPLICIT_RETAIN_SELF = YES;
				CLANG_WARN_OBJC_LITERAL_CONVERSION = YES;
				CLANG_WARN_OBJC_ROOT_CLASS = YES_ERROR;
				CLANG_WARN_QUOTED_INCLUDE_IN_FRAMEWORK_HEADER = YES;
				CLANG_WARN_RANGE_LOOP_ANALYSIS = YES;
				CLANG_WARN_STRICT_PROTOTYPES = YES;
				CLANG_WARN_SUSPICIOUS_MOVE = YES;
				CLANG_WARN_UNGUARDED_AVAILABILITY = YES_AGGRESSIVE;
				CLANG_WARN_UNREACHABLE_CODE = YES;
				CLANG_WARN__DUPLICATE_METHOD_MATCH = YES;
				COPY_PHASE_STRIP = NO;
				DEBUG_INFORMATION_FORMAT = "dwarf-with-dsym";
				ENABLE_NS_ASSERTIONS = NO;
				ENABLE_STRICT_OBJC_MSGSEND = YES;
				ENABLE_USER_SCRIPT_SANDBOXING = YES;
				GCC_C_LANGUAGE_STANDARD = gnu17;
				GCC_NO_COMMON_BLOCKS = YES;
				GCC_WARN_64_TO_32_BIT_CONVERSION = YES;
				GCC_WARN_ABOUT_RETURN_TYPE = YES_ERROR;
				GCC_WARN_UNDECLARED_SELECTOR = YES;
				GCC_WARN_UNINITIALIZED_AUTOS = YES_AGGRESSIVE;
				GCC_WARN_UNUSED_FUNCTION = YES;
				GCC_WARN_UNUSED_VARIABLE = YES;
				IPHONEOS_DEPLOYMENT_TARGET = 17.4;
				LOCALIZATION_PREFERS_STRING_CATALOGS = YES;
				MTL_ENABLE_DEBUG_INFO = NO;
				MTL_FAST_MATH = YES;
				SDKROOT = iphoneos;
				SWIFT_COMPILATION_MODE = wholemodule;
				VALIDATE_PRODUCT = YES;
			};
			name = Release;
		};
		F8B0CAD12BC6F22F00CB8497 /* Debug */ = {
			isa = XCBuildConfiguration;
			buildSettings = {
				ASSETCATALOG_COMPILER_APPICON_NAME = AppIcon;
				ASSETCATALOG_COMPILER_GLOBAL_ACCENT_COLOR_NAME = AccentColor;
				CODE_SIGN_STYLE = Automatic;
				CURRENT_PROJECT_VERSION = 1;
				DEVELOPMENT_ASSET_PATHS = "\"HackApp/Preview Content\"";
				DEVELOPMENT_TEAM = 3N6X65VN83;
				ENABLE_PREVIEWS = YES;
				GENERATE_INFOPLIST_FILE = YES;
				INFOPLIST_KEY_UIApplicationSceneManifest_Generation = YES;
				INFOPLIST_KEY_UIApplicationSupportsIndirectInputEvents = YES;
				INFOPLIST_KEY_UILaunchScreen_Generation = YES;
				INFOPLIST_KEY_UISupportedInterfaceOrientations_iPad = "UIInterfaceOrientationPortrait UIInterfaceOrientationPortraitUpsideDown UIInterfaceOrientationLandscapeLeft UIInterfaceOrientationLandscapeRight";
				INFOPLIST_KEY_UISupportedInterfaceOrientations_iPhone = "UIInterfaceOrientationPortrait UIInterfaceOrientationLandscapeLeft UIInterfaceOrientationLandscapeRight";
				LD_RUNPATH_SEARCH_PATHS = (
					"$(inherited)",
					"@executable_path/Frameworks",
				);
				MARKETING_VERSION = 1.0;
				PRODUCT_BUNDLE_IDENTIFIER = hackapp;
				PRODUCT_NAME = "$(TARGET_NAME)";
				SUPPORTED_PLATFORMS = "iphoneos iphonesimulator";
				SUPPORTS_MACCATALYST = NO;
				SWIFT_EMIT_LOC_STRINGS = YES;
				SWIFT_VERSION = 5.0;
				TARGETED_DEVICE_FAMILY = 2;
			};
			name = Debug;
		};
		F8B0CAD22BC6F22F00CB8497 /* Release */ = {
			isa = XCBuildConfiguration;
			buildSettings = {
				ASSETCATALOG_COMPILER_APPICON_NAME = AppIcon;
				ASSETCATALOG_COMPILER_GLOBAL_ACCENT_COLOR_NAME = AccentColor;
				CODE_SIGN_STYLE = Automatic;
				CURRENT_PROJECT_VERSION = 1;
				DEVELOPMENT_ASSET_PATHS = "\"HackApp/Preview Content\"";
				DEVELOPMENT_TEAM = 3N6X65VN83;
				ENABLE_PREVIEWS = YES;
				GENERATE_INFOPLIST_FILE = YES;
				INFOPLIST_KEY_UIApplicationSceneManifest_Generation = YES;
				INFOPLIST_KEY_UIApplicationSupportsIndirectInputEvents = YES;
				INFOPLIST_KEY_UILaunchScreen_Generation = YES;
				INFOPLIST_KEY_UISupportedInterfaceOrientations_iPad = "UIInterfaceOrientationPortrait UIInterfaceOrientationPortraitUpsideDown UIInterfaceOrientationLandscapeLeft UIInterfaceOrientationLandscapeRight";
				INFOPLIST_KEY_UISupportedInterfaceOrientations_iPhone = "UIInterfaceOrientationPortrait UIInterfaceOrientationLandscapeLeft UIInterfaceOrientationLandscapeRight";
				LD_RUNPATH_SEARCH_PATHS = (
					"$(inherited)",
					"@executable_path/Frameworks",
				);
				MARKETING_VERSION = 1.0;
				PRODUCT_BUNDLE_IDENTIFIER = hackapp;
				PRODUCT_NAME = "$(TARGET_NAME)";
				SUPPORTED_PLATFORMS = "iphoneos iphonesimulator";
				SUPPORTS_MACCATALYST = NO;
				SWIFT_EMIT_LOC_STRINGS = YES;
				SWIFT_VERSION = 5.0;
				TARGETED_DEVICE_FAMILY = 2;
			};
			name = Release;
		};
/* End XCBuildConfiguration section */

/* Begin XCConfigurationList section */
		F8B0CABD2BC6F22D00CB8497 /* Build configuration list for PBXProject "HackApp" */ = {
			isa = XCConfigurationList;
			buildConfigurations = (
				F8B0CACE2BC6F22F00CB8497 /* Debug */,
				F8B0CACF2BC6F22F00CB8497 /* Release */,
			);
			defaultConfigurationIsVisible = 0;
			defaultConfigurationName = Release;
		};
		F8B0CAD02BC6F22F00CB8497 /* Build configuration list for PBXNativeTarget "HackApp" */ = {
			isa = XCConfigurationList;
			buildConfigurations = (
				F8B0CAD12BC6F22F00CB8497 /* Debug */,
				F8B0CAD22BC6F22F00CB8497 /* Release */,
			);
			defaultConfigurationIsVisible = 0;
			defaultConfigurationName = Release;
		};
/* End XCConfigurationList section */

/* Begin XCRemoteSwiftPackageReference section */
		FB3169132C891D200021A389 /* XCRemoteSwiftPackageReference "firebase-ios-sdk" */ = {
			isa = XCRemoteSwiftPackageReference;
			repositoryURL = "https://github.com/firebase/firebase-ios-sdk";
			requirement = {
				kind = upToNextMajorVersion;
				minimumVersion = 11.1.0;
			};
		};
/* End XCRemoteSwiftPackageReference section */

/* Begin XCSwiftPackageProductDependency section */
		FB0AB0DA2C94FF3D003F94E7 /* FirebaseAnalytics */ = {
			isa = XCSwiftPackageProductDependency;
			package = FB3169132C891D200021A389 /* XCRemoteSwiftPackageReference "firebase-ios-sdk" */;
			productName = FirebaseAnalytics;
		};
		FB0AB0DC2C94FF3D003F94E7 /* FirebaseAnalyticsOnDeviceConversion */ = {
			isa = XCSwiftPackageProductDependency;
			package = FB3169132C891D200021A389 /* XCRemoteSwiftPackageReference "firebase-ios-sdk" */;
			productName = FirebaseAnalyticsOnDeviceConversion;
		};
		FB0AB0DE2C94FF3D003F94E7 /* FirebaseAnalyticsWithoutAdIdSupport */ = {
			isa = XCSwiftPackageProductDependency;
			package = FB3169132C891D200021A389 /* XCRemoteSwiftPackageReference "firebase-ios-sdk" */;
			productName = FirebaseAnalyticsWithoutAdIdSupport;
		};
		FB0AB0E02C94FF3D003F94E7 /* FirebaseAppCheck */ = {
			isa = XCSwiftPackageProductDependency;
			package = FB3169132C891D200021A389 /* XCRemoteSwiftPackageReference "firebase-ios-sdk" */;
			productName = FirebaseAppCheck;
		};
		FB0AB0E22C94FF3D003F94E7 /* FirebaseAppDistribution-Beta */ = {
			isa = XCSwiftPackageProductDependency;
			package = FB3169132C891D200021A389 /* XCRemoteSwiftPackageReference "firebase-ios-sdk" */;
			productName = "FirebaseAppDistribution-Beta";
		};
		FBFC5E072C9B9E30002813E4 /* FirebaseFirestore */ = {
			isa = XCSwiftPackageProductDependency;
			package = FB3169132C891D200021A389 /* XCRemoteSwiftPackageReference "firebase-ios-sdk" */;
			productName = FirebaseFirestore;
		};
/* End XCSwiftPackageProductDependency section */
	};
	rootObject = F8B0CABA2BC6F22D00CB8497 /* Project object */;
}
